
Microsoft Visual Studio Solution File, Format Version 12.00
# Visual Studio Version 16
VisualStudioVersion = 16.0.31005.135
MinimumVisualStudioVersion = 10.0.40219.1
Project("{FAE04EC0-301F-11D3-BF4B-00C04F79EFBC}") = "sayacTimer", "sayacTimer.csproj", "{FE095BC9-A5C5-4113-800F-0CF5302D9FF1}"
EndProject
Global
	GlobalSection(SolutionConfigurationPlatforms) = preSolution
		Debug|Any CPU = Debug|Any CPU
		Release|Any CPU = Release|Any CPU
	EndGlobalSection
	GlobalSection(ProjectConfigurationPlatforms) = postSolution
		{FE095BC9-A5C5-4113-800F-0CF5302D9FF1}.Debug|Any CPU.ActiveCfg = Debug|Any CPU
		{FE095BC9-A5C5-4113-800F-0CF5302D9FF1}.Debug|Any CPU.Build.0 = Debug|Any CPU
		{FE095BC9-A5C5-4113-800F-0CF5302D9FF1}.Release|Any CPU.ActiveCfg = Release|Any CPU
		{FE095BC9-A5C5-4113-800F-0CF5302D9FF1}.Release|Any CPU.Build.0 = Release|Any CPU
	EndGlobalSection
	GlobalSection(SolutionProperties) = preSolution
		HideSolutionNode = FALSE
	EndGlobalSection
	GlobalSection(ExtensibilityGlobals) = postSolution
		SolutionGuid = {B6BC290A-7CF5-4A20-8C28-68FC80954768}
	EndGlobalSection
EndGlobal
